
Microsoft Visual Studio Solution File, Format Version 12.00
# Visual Studio Version 16
VisualStudioVersion = 16.0.33927.289
MinimumVisualStudioVersion = 10.0.40219.1
Project("{2150E333-8FDC-42A3-9474-1A3956D46DE8}") = "Task0", "Task0", "{0C2BB378-CB9F-4569-8B50-47E5536381F9}"
EndProject
Project("{FAE04EC0-301F-11D3-BF4B-00C04F79EFBC}") = "Tyuiu.GrigorevKU.Sprint2.Task0.V10", "Tyuiu.GrigorevKU.Sprint2.Task0.V10\Tyuiu.GrigorevKU.Sprint2.Task0.V10.csproj", "{6A993828-5130-457C-8F18-5C559CE136A9}"
EndProject
Project("{FAE04EC0-301F-11D3-BF4B-00C04F79EFBC}") = "Tyuiu.GrigorevKU.Sprint2.Task0.V10.Lib", "Tyuiu.GrigorevKU.Sprint2.Task0.V10.Lib\Tyuiu.GrigorevKU.Sprint2.Task0.V10.Lib.csproj", "{2CC648ED-1EA5-452E-842B-9093F5DB9AD1}"
EndProject
Project("{FAE04EC0-301F-11D3-BF4B-00C04F79EFBC}") = "Tyuiu.GrigorevKU.Sprint2.Task0.V10.Test", "Tyuiu.GrigorevKU.Sprint2.Task0.V10.Test\Tyuiu.GrigorevKU.Sprint2.Task0.V10.Test.csproj", "{E59E2950-8ED9-4D7A-9303-DD908625B424}"
EndProject
Project("{2150E333-8FDC-42A3-9474-1A3956D46DE8}") = "Task1", "Task1", "{A56EA10D-2A20-4FE8-9E34-176AF089AEEB}"
EndProject
Project("{FAE04EC0-301F-11D3-BF4B-00C04F79EFBC}") = "Tyuiu.GrigorevKU.Sprint2.Task1.V23.Test", "Tyuiu.GrigorevKU.Sprint2.Task1.V23.Test\Tyuiu.GrigorevKU.Sprint2.Task1.V23.Test.csproj", "{91C9B49C-3FC3-41EE-8180-1717D9912B9A}"
EndProject
Project("{FAE04EC0-301F-11D3-BF4B-00C04F79EFBC}") = "Tyuiu.GrigorevKU.Sprint2.Task1.V23.Lib", "Tyuiu.GrigorevKU.Sprint2.Task1.V23.Lib\Tyuiu.GrigorevKU.Sprint2.Task1.V23.Lib.csproj", "{6A256C00-2EDC-4519-94BD-393E088852DE}"
EndProject
Project("{FAE04EC0-301F-11D3-BF4B-00C04F79EFBC}") = "Tyuiu.GrigorevKU.Sprint2.Task1.V23", "Tyuiu.GrigorevKU.Sprint2.Task1.V23\Tyuiu.GrigorevKU.Sprint2.Task1.V23.csproj", "{9F27BBAF-A2E6-4D0F-8579-DC74B6D574FD}"
EndProject
Project("{2150E333-8FDC-42A3-9474-1A3956D46DE8}") = "Task2", "Task2", "{5FF710BE-877C-4763-AA9B-8445A41B904C}"
EndProject
Project("{FAE04EC0-301F-11D3-BF4B-00C04F79EFBC}") = "Tyuiu.GrigorevKU.Sprint2.Task2.V30", "Tyuiu.GrigorevKU.Sprint2.Task2.V30\Tyuiu.GrigorevKU.Sprint2.Task2.V30.csproj", "{B571C7D2-CAF3-43F6-97BF-B961CDF5DCFF}"
EndProject
Project("{FAE04EC0-301F-11D3-BF4B-00C04F79EFBC}") = "Tyuiu.GrigorevKU.Sprint2.Task2.V30.Lib", "Tyuiu.GrigorevKU.Sprint2.Task2.V30.Lib\Tyuiu.GrigorevKU.Sprint2.Task2.V30.Lib.csproj", "{BFC476C7-5CDE-4AA8-B242-A6071367D853}"
EndProject
Project("{FAE04EC0-301F-11D3-BF4B-00C04F79EFBC}") = "Tyuiu.GrigorevKU.Sprint2.Task2.V30.Test", "Tyuiu.GrigorevKU.Sprint2.Task2.V30.Test\Tyuiu.GrigorevKU.Sprint2.Task2.V30.Test.csproj", "{73D54ED0-119A-4ECD-A51B-4419963A14C7}"
EndProject
Project("{2150E333-8FDC-42A3-9474-1A3956D46DE8}") = "Task3", "Task3", "{2B9042FD-1686-4B64-9FA5-3E028D8D9B0A}"
EndProject
Project("{FAE04EC0-301F-11D3-BF4B-00C04F79EFBC}") = "Tyuiu.GrigorevKU.Sprint2.Task3.V7", "Tyuiu.GrigorevKU.Sprint2.Task3.V7\Tyuiu.GrigorevKU.Sprint2.Task3.V7.csproj", "{5F6C13BA-9239-42FF-AD3F-831E28A75B0F}"
EndProject
Project("{FAE04EC0-301F-11D3-BF4B-00C04F79EFBC}") = "Tyuiu.GrigorevKU.Sprint2.Task3.V7.Lib", "Tyuiu.GrigorevKU.Sprint2.Task3.V7.Lib\Tyuiu.GrigorevKU.Sprint2.Task3.V7.Lib.csproj", "{C99EA8D5-D628-433B-BC7B-746B20FB663D}"
EndProject
Project("{FAE04EC0-301F-11D3-BF4B-00C04F79EFBC}") = "Tyuiu.GrigorevKU.Sprint2.Task3.V7.Test", "Tyuiu.GrigorevKU.Sprint2.Task3.V7.Test\Tyuiu.GrigorevKU.Sprint2.Task3.V7.Test.csproj", "{5D8B5C1D-1292-40AD-8DE8-8D3DF73F2C50}"
EndProject
Global
	GlobalSection(SolutionConfigurationPlatforms) = preSolution
		Debug|Any CPU = Debug|Any CPU
		Release|Any CPU = Release|Any CPU
	EndGlobalSection
	GlobalSection(ProjectConfigurationPlatforms) = postSolution
		{6A993828-5130-457C-8F18-5C559CE136A9}.Debug|Any CPU.ActiveCfg = Debug|Any CPU
		{6A993828-5130-457C-8F18-5C559CE136A9}.Debug|Any CPU.Build.0 = Debug|Any CPU
		{6A993828-5130-457C-8F18-5C559CE136A9}.Release|Any CPU.ActiveCfg = Release|Any CPU
		{6A993828-5130-457C-8F18-5C559CE136A9}.Release|Any CPU.Build.0 = Release|Any CPU
		{2CC648ED-1EA5-452E-842B-9093F5DB9AD1}.Debug|Any CPU.ActiveCfg = Debug|Any CPU
		{2CC648ED-1EA5-452E-842B-9093F5DB9AD1}.Debug|Any CPU.Build.0 = Debug|Any CPU
		{2CC648ED-1EA5-452E-842B-9093F5DB9AD1}.Release|Any CPU.ActiveCfg = Release|Any CPU
		{2CC648ED-1EA5-452E-842B-9093F5DB9AD1}.Release|Any CPU.Build.0 = Release|Any CPU
		{E59E2950-8ED9-4D7A-9303-DD908625B424}.Debug|Any CPU.ActiveCfg = Debug|Any CPU
		{E59E2950-8ED9-4D7A-9303-DD908625B424}.Debug|Any CPU.Build.0 = Debug|Any CPU
		{E59E2950-8ED9-4D7A-9303-DD908625B424}.Release|Any CPU.ActiveCfg = Release|Any CPU
		{E59E2950-8ED9-4D7A-9303-DD908625B424}.Release|Any CPU.Build.0 = Release|Any CPU
		{91C9B49C-3FC3-41EE-8180-1717D9912B9A}.Debug|Any CPU.ActiveCfg = Debug|Any CPU
		{91C9B49C-3FC3-41EE-8180-1717D9912B9A}.Debug|Any CPU.Build.0 = Debug|Any CPU
		{91C9B49C-3FC3-41EE-8180-1717D9912B9A}.Release|Any CPU.ActiveCfg = Release|Any CPU
		{91C9B49C-3FC3-41EE-8180-1717D9912B9A}.Release|Any CPU.Build.0 = Release|Any CPU
		{6A256C00-2EDC-4519-94BD-393E088852DE}.Debug|Any CPU.ActiveCfg = Debug|Any CPU
		{6A256C00-2EDC-4519-94BD-393E088852DE}.Debug|Any CPU.Build.0 = Debug|Any CPU
		{6A256C00-2EDC-4519-94BD-393E088852DE}.Release|Any CPU.ActiveCfg = Release|Any CPU
		{6A256C00-2EDC-4519-94BD-393E088852DE}.Release|Any CPU.Build.0 = Release|Any CPU
		{9F27BBAF-A2E6-4D0F-8579-DC74B6D574FD}.Debug|Any CPU.ActiveCfg = Debug|Any CPU
		{9F27BBAF-A2E6-4D0F-8579-DC74B6D574FD}.Debug|Any CPU.Build.0 = Debug|Any CPU
		{9F27BBAF-A2E6-4D0F-8579-DC74B6D574FD}.Release|Any CPU.ActiveCfg = Release|Any CPU
		{9F27BBAF-A2E6-4D0F-8579-DC74B6D574FD}.Release|Any CPU.Build.0 = Release|Any CPU
		{B571C7D2-CAF3-43F6-97BF-B961CDF5DCFF}.Debug|Any CPU.ActiveCfg = Debug|Any CPU
		{B571C7D2-CAF3-43F6-97BF-B961CDF5DCFF}.Debug|Any CPU.Build.0 = Debug|Any CPU
		{B571C7D2-CAF3-43F6-97BF-B961CDF5DCFF}.Release|Any CPU.ActiveCfg = Release|Any CPU
		{B571C7D2-CAF3-43F6-97BF-B961CDF5DCFF}.Release|Any CPU.Build.0 = Release|Any CPU
		{BFC476C7-5CDE-4AA8-B242-A6071367D853}.Debug|Any CPU.ActiveCfg = Debug|Any CPU
		{BFC476C7-5CDE-4AA8-B242-A6071367D853}.Debug|Any CPU.Build.0 = Debug|Any CPU
		{BFC476C7-5CDE-4AA8-B242-A6071367D853}.Release|Any CPU.ActiveCfg = Release|Any CPU
		{BFC476C7-5CDE-4AA8-B242-A6071367D853}.Release|Any CPU.Build.0 = Release|Any CPU
		{73D54ED0-119A-4ECD-A51B-4419963A14C7}.Debug|Any CPU.ActiveCfg = Debug|Any CPU
		{73D54ED0-119A-4ECD-A51B-4419963A14C7}.Debug|Any CPU.Build.0 = Debug|Any CPU
		{73D54ED0-119A-4ECD-A51B-4419963A14C7}.Release|Any CPU.ActiveCfg = Release|Any CPU
		{73D54ED0-119A-4ECD-A51B-4419963A14C7}.Release|Any CPU.Build.0 = Release|Any CPU
		{5F6C13BA-9239-42FF-AD3F-831E28A75B0F}.Debug|Any CPU.ActiveCfg = Debug|Any CPU
		{5F6C13BA-9239-42FF-AD3F-831E28A75B0F}.Debug|Any CPU.Build.0 = Debug|Any CPU
		{5F6C13BA-9239-42FF-AD3F-831E28A75B0F}.Release|Any CPU.ActiveCfg = Release|Any CPU
		{5F6C13BA-9239-42FF-AD3F-831E28A75B0F}.Release|Any CPU.Build.0 = Release|Any CPU
		{C99EA8D5-D628-433B-BC7B-746B20FB663D}.Debug|Any CPU.ActiveCfg = Debug|Any CPU
		{C99EA8D5-D628-433B-BC7B-746B20FB663D}.Debug|Any CPU.Build.0 = Debug|Any CPU
		{C99EA8D5-D628-433B-BC7B-746B20FB663D}.Release|Any CPU.ActiveCfg = Release|Any CPU
		{C99EA8D5-D628-433B-BC7B-746B20FB663D}.Release|Any CPU.Build.0 = Release|Any CPU
		{5D8B5C1D-1292-40AD-8DE8-8D3DF73F2C50}.Debug|Any CPU.ActiveCfg = Debug|Any CPU
		{5D8B5C1D-1292-40AD-8DE8-8D3DF73F2C50}.Debug|Any CPU.Build.0 = Debug|Any CPU
		{5D8B5C1D-1292-40AD-8DE8-8D3DF73F2C50}.Release|Any CPU.ActiveCfg = Release|Any CPU
		{5D8B5C1D-1292-40AD-8DE8-8D3DF73F2C50}.Release|Any CPU.Build.0 = Release|Any CPU
	EndGlobalSection
	GlobalSection(SolutionProperties) = preSolution
		HideSolutionNode = FALSE
	EndGlobalSection
	GlobalSection(NestedProjects) = preSolution
		{6A993828-5130-457C-8F18-5C559CE136A9} = {0C2BB378-CB9F-4569-8B50-47E5536381F9}
		{2CC648ED-1EA5-452E-842B-9093F5DB9AD1} = {0C2BB378-CB9F-4569-8B50-47E5536381F9}
		{E59E2950-8ED9-4D7A-9303-DD908625B424} = {0C2BB378-CB9F-4569-8B50-47E5536381F9}
		{91C9B49C-3FC3-41EE-8180-1717D9912B9A} = {A56EA10D-2A20-4FE8-9E34-176AF089AEEB}
		{6A256C00-2EDC-4519-94BD-393E088852DE} = {A56EA10D-2A20-4FE8-9E34-176AF089AEEB}
		{9F27BBAF-A2E6-4D0F-8579-DC74B6D574FD} = {A56EA10D-2A20-4FE8-9E34-176AF089AEEB}
		{B571C7D2-CAF3-43F6-97BF-B961CDF5DCFF} = {5FF710BE-877C-4763-AA9B-8445A41B904C}
		{BFC476C7-5CDE-4AA8-B242-A6071367D853} = {5FF710BE-877C-4763-AA9B-8445A41B904C}
		{73D54ED0-119A-4ECD-A51B-4419963A14C7} = {5FF710BE-877C-4763-AA9B-8445A41B904C}
		{5F6C13BA-9239-42FF-AD3F-831E28A75B0F} = {2B9042FD-1686-4B64-9FA5-3E028D8D9B0A}
		{C99EA8D5-D628-433B-BC7B-746B20FB663D} = {2B9042FD-1686-4B64-9FA5-3E028D8D9B0A}
		{5D8B5C1D-1292-40AD-8DE8-8D3DF73F2C50} = {2B9042FD-1686-4B64-9FA5-3E028D8D9B0A}
	EndGlobalSection
	GlobalSection(ExtensibilityGlobals) = postSolution
		SolutionGuid = {A5005F57-87E0-4268-A9F5-ABFC5E099545}
	EndGlobalSection
EndGlobal
